
Microsoft Visual Studio Solution File, Format Version 12.00
# Visual Studio Version 16
VisualStudioVersion = 16.0.30011.22
MinimumVisualStudioVersion = 10.0.40219.1
Project("{9A19103F-16F7-4668-BE54-9A1E7A4F7556}") = "01. Scheduling", "01. Scheduling\01. Scheduling.csproj", "{E3FEC45F-DEAE-4847-815C-1BB4350D4356}"
EndProject
Project("{FAE04EC0-301F-11D3-BF4B-00C04F79EFBC}") = "02. Garden", "02. Garden\02. Garden.csproj", "{08FA912D-6DC7-4EFA-BDC5-D95270782FAF}"
EndProject
Global
	GlobalSection(SolutionConfigurationPlatforms) = preSolution
		Debug|Any CPU = Debug|Any CPU
		Release|Any CPU = Release|Any CPU
	EndGlobalSection
	GlobalSection(ProjectConfigurationPlatforms) = postSolution
		{E3FEC45F-DEAE-4847-815C-1BB4350D4356}.Debug|Any CPU.ActiveCfg = Debug|Any CPU
		{E3FEC45F-DEAE-4847-815C-1BB4350D4356}.Debug|Any CPU.Build.0 = Debug|Any CPU
		{E3FEC45F-DEAE-4847-815C-1BB4350D4356}.Release|Any CPU.ActiveCfg = Release|Any CPU
		{E3FEC45F-DEAE-4847-815C-1BB4350D4356}.Release|Any CPU.Build.0 = Release|Any CPU
		{08FA912D-6DC7-4EFA-BDC5-D95270782FAF}.Debug|Any CPU.ActiveCfg = Debug|Any CPU
		{08FA912D-6DC7-4EFA-BDC5-D95270782FAF}.Debug|Any CPU.Build.0 = Debug|Any CPU
		{08FA912D-6DC7-4EFA-BDC5-D95270782FAF}.Release|Any CPU.ActiveCfg = Release|Any CPU
		{08FA912D-6DC7-4EFA-BDC5-D95270782FAF}.Release|Any CPU.Build.0 = Release|Any CPU
	EndGlobalSection
	GlobalSection(SolutionProperties) = preSolution
		HideSolutionNode = FALSE
	EndGlobalSection
	GlobalSection(ExtensibilityGlobals) = postSolution
		SolutionGuid = {C1B71087-7A75-4D76-BF15-41D950010841}
	EndGlobalSection
EndGlobal
