
Microsoft Visual Studio Solution File, Format Version 12.00
# Visual Studio Version 16
VisualStudioVersion = 16.0.30011.22
MinimumVisualStudioVersion = 10.0.40219.1
Project("{9A19103F-16F7-4668-BE54-9A1E7A4F7556}") = "ClassroomProject", "ClassroomProject.csproj", "{B13E9723-7E62-4A88-8EDA-599E07BB44E5}"
EndProject
Global
	GlobalSection(SolutionConfigurationPlatforms) = preSolution
		Debug|Any CPU = Debug|Any CPU
		Release|Any CPU = Release|Any CPU
	EndGlobalSection
	GlobalSection(ProjectConfigurationPlatforms) = postSolution
		{B13E9723-7E62-4A88-8EDA-599E07BB44E5}.Debug|Any CPU.ActiveCfg = Debug|Any CPU
		{B13E9723-7E62-4A88-8EDA-599E07BB44E5}.Debug|Any CPU.Build.0 = Debug|Any CPU
		{B13E9723-7E62-4A88-8EDA-599E07BB44E5}.Release|Any CPU.ActiveCfg = Release|Any CPU
		{B13E9723-7E62-4A88-8EDA-599E07BB44E5}.Release|Any CPU.Build.0 = Release|Any CPU
	EndGlobalSection
	GlobalSection(SolutionProperties) = preSolution
		HideSolutionNode = FALSE
	EndGlobalSection
	GlobalSection(ExtensibilityGlobals) = postSolution
		SolutionGuid = {4370C426-31D7-457A-B633-941856CEC75A}
	EndGlobalSection
EndGlobal
