
Microsoft Visual Studio Solution File, Format Version 12.00
# Visual Studio Version 16
VisualStudioVersion = 16.0.30011.22
MinimumVisualStudioVersion = 10.0.40219.1
Project("{FAE04EC0-301F-11D3-BF4B-00C04F79EFBC}") = "BankAccount", "BankAccount\BankAccount.csproj", "{C009C9E8-CAAF-4AF7-B892-90D0507B0D76}"
EndProject
Project("{FAE04EC0-301F-11D3-BF4B-00C04F79EFBC}") = "BankAccount.Test", "BankAccountTest\BankAccount.Test.csproj", "{8E85C22F-E1FF-4639-BC33-485AD0945F44}"
EndProject
Global
	GlobalSection(SolutionConfigurationPlatforms) = preSolution
		Debug|Any CPU = Debug|Any CPU
		Release|Any CPU = Release|Any CPU
	EndGlobalSection
	GlobalSection(ProjectConfigurationPlatforms) = postSolution
		{C009C9E8-CAAF-4AF7-B892-90D0507B0D76}.Debug|Any CPU.ActiveCfg = Debug|Any CPU
		{C009C9E8-CAAF-4AF7-B892-90D0507B0D76}.Debug|Any CPU.Build.0 = Debug|Any CPU
		{C009C9E8-CAAF-4AF7-B892-90D0507B0D76}.Release|Any CPU.ActiveCfg = Release|Any CPU
		{C009C9E8-CAAF-4AF7-B892-90D0507B0D76}.Release|Any CPU.Build.0 = Release|Any CPU
		{8E85C22F-E1FF-4639-BC33-485AD0945F44}.Debug|Any CPU.ActiveCfg = Debug|Any CPU
		{8E85C22F-E1FF-4639-BC33-485AD0945F44}.Debug|Any CPU.Build.0 = Debug|Any CPU
		{8E85C22F-E1FF-4639-BC33-485AD0945F44}.Release|Any CPU.ActiveCfg = Release|Any CPU
		{8E85C22F-E1FF-4639-BC33-485AD0945F44}.Release|Any CPU.Build.0 = Release|Any CPU
	EndGlobalSection
	GlobalSection(SolutionProperties) = preSolution
		HideSolutionNode = FALSE
	EndGlobalSection
	GlobalSection(ExtensibilityGlobals) = postSolution
		SolutionGuid = {075EF2D8-15FB-464D-85A6-71108DDD5699}
	EndGlobalSection
EndGlobal
