
Microsoft Visual Studio Solution File, Format Version 12.00
# Visual Studio Version 16
VisualStudioVersion = 16.0.30011.22
MinimumVisualStudioVersion = 10.0.40219.1
Project("{FAE04EC0-301F-11D3-BF4B-00C04F79EFBC}") = "01. Basic Stack Operations", "01. Basic Stack Operations\01. Basic Stack Operations.csproj", "{95A394E6-F88D-4B8A-9424-63BEDD091F90}"
EndProject
Project("{FAE04EC0-301F-11D3-BF4B-00C04F79EFBC}") = "02. Basic Queue Operations", "02. Basic Queue Operations\02. Basic Queue Operations.csproj", "{F86D83F3-9ED7-46C2-AF7B-DBA8F827C284}"
EndProject
Project("{FAE04EC0-301F-11D3-BF4B-00C04F79EFBC}") = "03. Maximum and Minimum Element", "03. Maximum and Minimum Element\03. Maximum and Minimum Element.csproj", "{7F057A1B-1352-4AAB-8801-E61CB82E7F30}"
EndProject
Project("{FAE04EC0-301F-11D3-BF4B-00C04F79EFBC}") = "04. Fast Food", "04. Fast Food\04. Fast Food.csproj", "{6E54F187-698E-4AA5-8D72-0D00B281A645}"
EndProject
Project("{FAE04EC0-301F-11D3-BF4B-00C04F79EFBC}") = "05. Fashion Boutique", "05. Fashion Boutique\05. Fashion Boutique.csproj", "{3243724A-9167-42AA-89EA-5051CFF5709D}"
EndProject
Global
	GlobalSection(SolutionConfigurationPlatforms) = preSolution
		Debug|Any CPU = Debug|Any CPU
		Release|Any CPU = Release|Any CPU
	EndGlobalSection
	GlobalSection(ProjectConfigurationPlatforms) = postSolution
		{95A394E6-F88D-4B8A-9424-63BEDD091F90}.Debug|Any CPU.ActiveCfg = Debug|Any CPU
		{95A394E6-F88D-4B8A-9424-63BEDD091F90}.Debug|Any CPU.Build.0 = Debug|Any CPU
		{95A394E6-F88D-4B8A-9424-63BEDD091F90}.Release|Any CPU.ActiveCfg = Release|Any CPU
		{95A394E6-F88D-4B8A-9424-63BEDD091F90}.Release|Any CPU.Build.0 = Release|Any CPU
		{F86D83F3-9ED7-46C2-AF7B-DBA8F827C284}.Debug|Any CPU.ActiveCfg = Debug|Any CPU
		{F86D83F3-9ED7-46C2-AF7B-DBA8F827C284}.Debug|Any CPU.Build.0 = Debug|Any CPU
		{F86D83F3-9ED7-46C2-AF7B-DBA8F827C284}.Release|Any CPU.ActiveCfg = Release|Any CPU
		{F86D83F3-9ED7-46C2-AF7B-DBA8F827C284}.Release|Any CPU.Build.0 = Release|Any CPU
		{7F057A1B-1352-4AAB-8801-E61CB82E7F30}.Debug|Any CPU.ActiveCfg = Debug|Any CPU
		{7F057A1B-1352-4AAB-8801-E61CB82E7F30}.Debug|Any CPU.Build.0 = Debug|Any CPU
		{7F057A1B-1352-4AAB-8801-E61CB82E7F30}.Release|Any CPU.ActiveCfg = Release|Any CPU
		{7F057A1B-1352-4AAB-8801-E61CB82E7F30}.Release|Any CPU.Build.0 = Release|Any CPU
		{6E54F187-698E-4AA5-8D72-0D00B281A645}.Debug|Any CPU.ActiveCfg = Debug|Any CPU
		{6E54F187-698E-4AA5-8D72-0D00B281A645}.Debug|Any CPU.Build.0 = Debug|Any CPU
		{6E54F187-698E-4AA5-8D72-0D00B281A645}.Release|Any CPU.ActiveCfg = Release|Any CPU
		{6E54F187-698E-4AA5-8D72-0D00B281A645}.Release|Any CPU.Build.0 = Release|Any CPU
		{3243724A-9167-42AA-89EA-5051CFF5709D}.Debug|Any CPU.ActiveCfg = Debug|Any CPU
		{3243724A-9167-42AA-89EA-5051CFF5709D}.Debug|Any CPU.Build.0 = Debug|Any CPU
		{3243724A-9167-42AA-89EA-5051CFF5709D}.Release|Any CPU.ActiveCfg = Release|Any CPU
		{3243724A-9167-42AA-89EA-5051CFF5709D}.Release|Any CPU.Build.0 = Release|Any CPU
	EndGlobalSection
	GlobalSection(SolutionProperties) = preSolution
		HideSolutionNode = FALSE
	EndGlobalSection
	GlobalSection(ExtensibilityGlobals) = postSolution
		SolutionGuid = {BF3DA204-EE91-4714-B2A9-949A84C79695}
	EndGlobalSection
EndGlobal
