
Microsoft Visual Studio Solution File, Format Version 12.00
# Visual Studio Version 16
VisualStudioVersion = 16.0.30011.22
MinimumVisualStudioVersion = 10.0.40219.1
Project("{9A19103F-16F7-4668-BE54-9A1E7A4F7556}") = "01. Single Inheritance", "01. Single Inheritance\01. Single Inheritance.csproj", "{D3533EDA-1BE3-4053-9BF7-CABA32ACE3CD}"
EndProject
Project("{9A19103F-16F7-4668-BE54-9A1E7A4F7556}") = "02. Multiple Inheritance", "02. Multiple Inheritance\02. Multiple Inheritance.csproj", "{FF5F8F4A-030E-4EB6-8797-96F99CBBAABC}"
EndProject
Project("{9A19103F-16F7-4668-BE54-9A1E7A4F7556}") = "03. Hierarchical Inheritance", "03. Hierarchical Inheritance\03. Hierarchical Inheritance.csproj", "{E2964F3D-FA60-45C1-B4F1-0C41AEB29A99}"
EndProject
Project("{FAE04EC0-301F-11D3-BF4B-00C04F79EFBC}") = "Hierarchical Inheritance again", "Hierarchical Inheritance again\Hierarchical Inheritance again.csproj", "{7543D0E1-AAE5-4BC3-BE14-0AD38719200B}"
EndProject
Project("{9A19103F-16F7-4668-BE54-9A1E7A4F7556}") = "Farm", "Farm\Farm.csproj", "{83BB1428-D281-4E1F-90AD-22D6977046E0}"
EndProject
Project("{FAE04EC0-301F-11D3-BF4B-00C04F79EFBC}") = "CustomRandomList", "CustomRandomList\CustomRandomList.csproj", "{8AF9170E-DB80-42CD-8A13-1FE41988B72B}"
EndProject
Project("{FAE04EC0-301F-11D3-BF4B-00C04F79EFBC}") = "CustomStack", "CustomStack\CustomStack.csproj", "{A6219878-1D32-4728-8C9B-368C93A502EC}"
EndProject
Global
	GlobalSection(SolutionConfigurationPlatforms) = preSolution
		Debug|Any CPU = Debug|Any CPU
		Release|Any CPU = Release|Any CPU
	EndGlobalSection
	GlobalSection(ProjectConfigurationPlatforms) = postSolution
		{D3533EDA-1BE3-4053-9BF7-CABA32ACE3CD}.Debug|Any CPU.ActiveCfg = Debug|Any CPU
		{D3533EDA-1BE3-4053-9BF7-CABA32ACE3CD}.Debug|Any CPU.Build.0 = Debug|Any CPU
		{D3533EDA-1BE3-4053-9BF7-CABA32ACE3CD}.Release|Any CPU.ActiveCfg = Release|Any CPU
		{D3533EDA-1BE3-4053-9BF7-CABA32ACE3CD}.Release|Any CPU.Build.0 = Release|Any CPU
		{FF5F8F4A-030E-4EB6-8797-96F99CBBAABC}.Debug|Any CPU.ActiveCfg = Debug|Any CPU
		{FF5F8F4A-030E-4EB6-8797-96F99CBBAABC}.Debug|Any CPU.Build.0 = Debug|Any CPU
		{FF5F8F4A-030E-4EB6-8797-96F99CBBAABC}.Release|Any CPU.ActiveCfg = Release|Any CPU
		{FF5F8F4A-030E-4EB6-8797-96F99CBBAABC}.Release|Any CPU.Build.0 = Release|Any CPU
		{E2964F3D-FA60-45C1-B4F1-0C41AEB29A99}.Debug|Any CPU.ActiveCfg = Debug|Any CPU
		{E2964F3D-FA60-45C1-B4F1-0C41AEB29A99}.Debug|Any CPU.Build.0 = Debug|Any CPU
		{E2964F3D-FA60-45C1-B4F1-0C41AEB29A99}.Release|Any CPU.ActiveCfg = Release|Any CPU
		{E2964F3D-FA60-45C1-B4F1-0C41AEB29A99}.Release|Any CPU.Build.0 = Release|Any CPU
		{7543D0E1-AAE5-4BC3-BE14-0AD38719200B}.Debug|Any CPU.ActiveCfg = Debug|Any CPU
		{7543D0E1-AAE5-4BC3-BE14-0AD38719200B}.Debug|Any CPU.Build.0 = Debug|Any CPU
		{7543D0E1-AAE5-4BC3-BE14-0AD38719200B}.Release|Any CPU.ActiveCfg = Release|Any CPU
		{7543D0E1-AAE5-4BC3-BE14-0AD38719200B}.Release|Any CPU.Build.0 = Release|Any CPU
		{83BB1428-D281-4E1F-90AD-22D6977046E0}.Debug|Any CPU.ActiveCfg = Debug|Any CPU
		{83BB1428-D281-4E1F-90AD-22D6977046E0}.Debug|Any CPU.Build.0 = Debug|Any CPU
		{83BB1428-D281-4E1F-90AD-22D6977046E0}.Release|Any CPU.ActiveCfg = Release|Any CPU
		{83BB1428-D281-4E1F-90AD-22D6977046E0}.Release|Any CPU.Build.0 = Release|Any CPU
		{8AF9170E-DB80-42CD-8A13-1FE41988B72B}.Debug|Any CPU.ActiveCfg = Debug|Any CPU
		{8AF9170E-DB80-42CD-8A13-1FE41988B72B}.Debug|Any CPU.Build.0 = Debug|Any CPU
		{8AF9170E-DB80-42CD-8A13-1FE41988B72B}.Release|Any CPU.ActiveCfg = Release|Any CPU
		{8AF9170E-DB80-42CD-8A13-1FE41988B72B}.Release|Any CPU.Build.0 = Release|Any CPU
		{A6219878-1D32-4728-8C9B-368C93A502EC}.Debug|Any CPU.ActiveCfg = Debug|Any CPU
		{A6219878-1D32-4728-8C9B-368C93A502EC}.Debug|Any CPU.Build.0 = Debug|Any CPU
		{A6219878-1D32-4728-8C9B-368C93A502EC}.Release|Any CPU.ActiveCfg = Release|Any CPU
		{A6219878-1D32-4728-8C9B-368C93A502EC}.Release|Any CPU.Build.0 = Release|Any CPU
	EndGlobalSection
	GlobalSection(SolutionProperties) = preSolution
		HideSolutionNode = FALSE
	EndGlobalSection
	GlobalSection(ExtensibilityGlobals) = postSolution
		SolutionGuid = {DDEB74C5-BF83-4B5E-AEA5-BA9490EF0073}
	EndGlobalSection
EndGlobal
